
Microsoft Visual Studio Solution File, Format Version 12.00
# Visual Studio Version 17
VisualStudioVersion = 17.6.33712.159
MinimumVisualStudioVersion = 10.0.40219.1
Project("{9A19103F-16F7-4668-BE54-9A1E7A4F7556}") = "JWT.Api", "JWT.Api\JWT.Api.csproj", "{B43E9307-FA22-4408-BC1A-8A674E6C62CD}"
EndProject
Project("{9A19103F-16F7-4668-BE54-9A1E7A4F7556}") = "JWT.Domain", "JWT.Domain\JWT.Domain.csproj", "{39059B49-23A5-4E32-943C-8C58EBAA9A8E}"
EndProject
Project("{9A19103F-16F7-4668-BE54-9A1E7A4F7556}") = "JWT.Manager", "Manager\JWT.Manager.csproj", "{D115BCE9-2ABB-4A83-8FAF-10332737DABF}"
EndProject
Project("{9A19103F-16F7-4668-BE54-9A1E7A4F7556}") = "JWT.Infrastructure", "JWT.Infrastructure\JWT.Infrastructure.csproj", "{BCC9F92E-F076-4BF6-B817-B6D147D66E24}"
EndProject
Project("{9A19103F-16F7-4668-BE54-9A1E7A4F7556}") = "JWT.Data", "JWT.Data\JWT.Data.csproj", "{1E46D439-E715-4209-970F-0A8C1C66E47E}"
EndProject
Project("{2150E333-8FDC-42A3-9474-1A3956D46DE8}") = "Common", "Common", "{3E0D4C15-F4BE-4ECE-8457-9F38FD6BBC7D}"
EndProject
Global
	GlobalSection(SolutionConfigurationPlatforms) = preSolution
		Debug|Any CPU = Debug|Any CPU
		Release|Any CPU = Release|Any CPU
	EndGlobalSection
	GlobalSection(ProjectConfigurationPlatforms) = postSolution
		{B43E9307-FA22-4408-BC1A-8A674E6C62CD}.Debug|Any CPU.ActiveCfg = Debug|Any CPU
		{B43E9307-FA22-4408-BC1A-8A674E6C62CD}.Debug|Any CPU.Build.0 = Debug|Any CPU
		{B43E9307-FA22-4408-BC1A-8A674E6C62CD}.Release|Any CPU.ActiveCfg = Release|Any CPU
		{B43E9307-FA22-4408-BC1A-8A674E6C62CD}.Release|Any CPU.Build.0 = Release|Any CPU
		{39059B49-23A5-4E32-943C-8C58EBAA9A8E}.Debug|Any CPU.ActiveCfg = Debug|Any CPU
		{39059B49-23A5-4E32-943C-8C58EBAA9A8E}.Debug|Any CPU.Build.0 = Debug|Any CPU
		{39059B49-23A5-4E32-943C-8C58EBAA9A8E}.Release|Any CPU.ActiveCfg = Release|Any CPU
		{39059B49-23A5-4E32-943C-8C58EBAA9A8E}.Release|Any CPU.Build.0 = Release|Any CPU
		{D115BCE9-2ABB-4A83-8FAF-10332737DABF}.Debug|Any CPU.ActiveCfg = Debug|Any CPU
		{D115BCE9-2ABB-4A83-8FAF-10332737DABF}.Debug|Any CPU.Build.0 = Debug|Any CPU
		{D115BCE9-2ABB-4A83-8FAF-10332737DABF}.Release|Any CPU.ActiveCfg = Release|Any CPU
		{D115BCE9-2ABB-4A83-8FAF-10332737DABF}.Release|Any CPU.Build.0 = Release|Any CPU
		{BCC9F92E-F076-4BF6-B817-B6D147D66E24}.Debug|Any CPU.ActiveCfg = Debug|Any CPU
		{BCC9F92E-F076-4BF6-B817-B6D147D66E24}.Debug|Any CPU.Build.0 = Debug|Any CPU
		{BCC9F92E-F076-4BF6-B817-B6D147D66E24}.Release|Any CPU.ActiveCfg = Release|Any CPU
		{BCC9F92E-F076-4BF6-B817-B6D147D66E24}.Release|Any CPU.Build.0 = Release|Any CPU
		{1E46D439-E715-4209-970F-0A8C1C66E47E}.Debug|Any CPU.ActiveCfg = Debug|Any CPU
		{1E46D439-E715-4209-970F-0A8C1C66E47E}.Debug|Any CPU.Build.0 = Debug|Any CPU
		{1E46D439-E715-4209-970F-0A8C1C66E47E}.Release|Any CPU.ActiveCfg = Release|Any CPU
		{1E46D439-E715-4209-970F-0A8C1C66E47E}.Release|Any CPU.Build.0 = Release|Any CPU
	EndGlobalSection
	GlobalSection(SolutionProperties) = preSolution
		HideSolutionNode = FALSE
	EndGlobalSection
	GlobalSection(ExtensibilityGlobals) = postSolution
		SolutionGuid = {1A1AB30C-F832-407F-8C2A-69ABFF3A7A60}
	EndGlobalSection
EndGlobal
